
Microsoft Visual Studio Solution File, Format Version 12.00
# Visual Studio Version 17
VisualStudioVersion = 17.10.35027.167
MinimumVisualStudioVersion = 10.0.40219.1
Project("{FAE04EC0-301F-11D3-BF4B-00C04F79EFBC}") = "cond02", "cond02\cond02.csproj", "{DFA2620E-453A-4EBF-972F-7D6F9C637604}"
EndProject
Global
	GlobalSection(SolutionConfigurationPlatforms) = preSolution
		Debug|Any CPU = Debug|Any CPU
		Release|Any CPU = Release|Any CPU
	EndGlobalSection
	GlobalSection(ProjectConfigurationPlatforms) = postSolution
		{DFA2620E-453A-4EBF-972F-7D6F9C637604}.Debug|Any CPU.ActiveCfg = Debug|Any CPU
		{DFA2620E-453A-4EBF-972F-7D6F9C637604}.Debug|Any CPU.Build.0 = Debug|Any CPU
		{DFA2620E-453A-4EBF-972F-7D6F9C637604}.Release|Any CPU.ActiveCfg = Release|Any CPU
		{DFA2620E-453A-4EBF-972F-7D6F9C637604}.Release|Any CPU.Build.0 = Release|Any CPU
	EndGlobalSection
	GlobalSection(SolutionProperties) = preSolution
		HideSolutionNode = FALSE
	EndGlobalSection
	GlobalSection(ExtensibilityGlobals) = postSolution
		SolutionGuid = {4D5B4C06-8C93-4005-960A-6367F9DC6F80}
	EndGlobalSection
EndGlobal
